
Microsoft Visual Studio Solution File, Format Version 12.00
# Visual Studio Version 17
VisualStudioVersion = 17.14.36616.10 d17.14
MinimumVisualStudioVersion = 10.0.40219.1
Project("{FAE04EC0-301F-11D3-BF4B-00C04F79EFBC}") = "SortNumbers", "SortNumbers.csproj", "{8AC07506-580A-4D4A-9D33-243EBF5887AD}"
EndProject
Global
	GlobalSection(SolutionConfigurationPlatforms) = preSolution
		Debug|Any CPU = Debug|Any CPU
		Release|Any CPU = Release|Any CPU
	EndGlobalSection
	GlobalSection(ProjectConfigurationPlatforms) = postSolution
		{8AC07506-580A-4D4A-9D33-243EBF5887AD}.Debug|Any CPU.ActiveCfg = Debug|Any CPU
		{8AC07506-580A-4D4A-9D33-243EBF5887AD}.Debug|Any CPU.Build.0 = Debug|Any CPU
		{8AC07506-580A-4D4A-9D33-243EBF5887AD}.Release|Any CPU.ActiveCfg = Release|Any CPU
		{8AC07506-580A-4D4A-9D33-243EBF5887AD}.Release|Any CPU.Build.0 = Release|Any CPU
	EndGlobalSection
	GlobalSection(SolutionProperties) = preSolution
		HideSolutionNode = FALSE
	EndGlobalSection
	GlobalSection(ExtensibilityGlobals) = postSolution
		SolutionGuid = {FE8D87F0-C075-4A2F-914C-1F1A03D4896B}
	EndGlobalSection
EndGlobal
